
Microsoft Visual Studio Solution File, Format Version 12.00
# Visual Studio Version 16
VisualStudioVersion = 16.0.30804.86
MinimumVisualStudioVersion = 10.0.40219.1
Project("{9A19103F-16F7-4668-BE54-9A1E7A4F7556}") = "HouseholdPlan.Core", "HouseholdPlan.Core\HouseholdPlan.Core.csproj", "{F55616A5-6FDF-43A8-A7BF-602576F5ED50}"
EndProject
Project("{9A19103F-16F7-4668-BE54-9A1E7A4F7556}") = "HouseholdPlan.Core.Test", "HouseholdPlan.Core.Test\HouseholdPlan.Core.Test.csproj", "{FC4BCEF5-882D-46EC-BAE6-AC999A7F4F93}"
EndProject
Project("{9A19103F-16F7-4668-BE54-9A1E7A4F7556}") = "HouseholdPlan.Data", "HouseholdPlan.Data\HouseholdPlan.Data.csproj", "{DA5D03B6-4BEF-4190-AB60-5A6FBA314400}"
EndProject
Project("{9A19103F-16F7-4668-BE54-9A1E7A4F7556}") = "HouseholdPlan.Data.Test", "HouseholdPlan.Data.Test\HouseholdPlan.Data.Test.csproj", "{C069DB83-AEBA-4CB4-8F3D-C0EFE9C8C7CA}"
EndProject
Project("{9A19103F-16F7-4668-BE54-9A1E7A4F7556}") = "HouseholdPlan.Server", "HouseholdPlan.Server\HouseholdPlan.Server.csproj", "{BA222763-457D-415C-B38B-3760818D3A54}"
EndProject
Project("{FAE04EC0-301F-11D3-BF4B-00C04F79EFBC}") = "HouseholdPlan.App.Android", "HouseholdPlan.App\HouseholdPlan.App.Android\HouseholdPlan.App.Android.csproj", "{94F36C9C-3348-4A4F-A9FF-A33D7B4E848E}"
EndProject
Project("{FAE04EC0-301F-11D3-BF4B-00C04F79EFBC}") = "HouseholdPlan.App.iOS", "HouseholdPlan.App\HouseholdPlan.App.iOS\HouseholdPlan.App.iOS.csproj", "{ACA152C9-5DD1-4687-B558-44C600EAE085}"
EndProject
Project("{FAE04EC0-301F-11D3-BF4B-00C04F79EFBC}") = "HouseholdPlan.App", "HouseholdPlan.App\HouseholdPlan.App\HouseholdPlan.App.csproj", "{D32F87BA-569B-4656-958A-D2279A6E087E}"
EndProject
Global
	GlobalSection(SolutionConfigurationPlatforms) = preSolution
		Debug|Any CPU = Debug|Any CPU
		Debug|iPhone = Debug|iPhone
		Debug|iPhoneSimulator = Debug|iPhoneSimulator
		Release|Any CPU = Release|Any CPU
		Release|iPhone = Release|iPhone
		Release|iPhoneSimulator = Release|iPhoneSimulator
	EndGlobalSection
	GlobalSection(ProjectConfigurationPlatforms) = postSolution
		{F55616A5-6FDF-43A8-A7BF-602576F5ED50}.Debug|Any CPU.ActiveCfg = Debug|Any CPU
		{F55616A5-6FDF-43A8-A7BF-602576F5ED50}.Debug|Any CPU.Build.0 = Debug|Any CPU
		{F55616A5-6FDF-43A8-A7BF-602576F5ED50}.Debug|iPhone.ActiveCfg = Debug|Any CPU
		{F55616A5-6FDF-43A8-A7BF-602576F5ED50}.Debug|iPhone.Build.0 = Debug|Any CPU
		{F55616A5-6FDF-43A8-A7BF-602576F5ED50}.Debug|iPhoneSimulator.ActiveCfg = Debug|Any CPU
		{F55616A5-6FDF-43A8-A7BF-602576F5ED50}.Debug|iPhoneSimulator.Build.0 = Debug|Any CPU
		{F55616A5-6FDF-43A8-A7BF-602576F5ED50}.Release|Any CPU.ActiveCfg = Release|Any CPU
		{F55616A5-6FDF-43A8-A7BF-602576F5ED50}.Release|Any CPU.Build.0 = Release|Any CPU
		{F55616A5-6FDF-43A8-A7BF-602576F5ED50}.Release|iPhone.ActiveCfg = Release|Any CPU
		{F55616A5-6FDF-43A8-A7BF-602576F5ED50}.Release|iPhone.Build.0 = Release|Any CPU
		{F55616A5-6FDF-43A8-A7BF-602576F5ED50}.Release|iPhoneSimulator.ActiveCfg = Release|Any CPU
		{F55616A5-6FDF-43A8-A7BF-602576F5ED50}.Release|iPhoneSimulator.Build.0 = Release|Any CPU
		{FC4BCEF5-882D-46EC-BAE6-AC999A7F4F93}.Debug|Any CPU.ActiveCfg = Debug|Any CPU
		{FC4BCEF5-882D-46EC-BAE6-AC999A7F4F93}.Debug|Any CPU.Build.0 = Debug|Any CPU
		{FC4BCEF5-882D-46EC-BAE6-AC999A7F4F93}.Debug|iPhone.ActiveCfg = Debug|Any CPU
		{FC4BCEF5-882D-46EC-BAE6-AC999A7F4F93}.Debug|iPhone.Build.0 = Debug|Any CPU
		{FC4BCEF5-882D-46EC-BAE6-AC999A7F4F93}.Debug|iPhoneSimulator.ActiveCfg = Debug|Any CPU
		{FC4BCEF5-882D-46EC-BAE6-AC999A7F4F93}.Debug|iPhoneSimulator.Build.0 = Debug|Any CPU
		{FC4BCEF5-882D-46EC-BAE6-AC999A7F4F93}.Release|Any CPU.ActiveCfg = Release|Any CPU
		{FC4BCEF5-882D-46EC-BAE6-AC999A7F4F93}.Release|Any CPU.Build.0 = Release|Any CPU
		{FC4BCEF5-882D-46EC-BAE6-AC999A7F4F93}.Release|iPhone.ActiveCfg = Release|Any CPU
		{FC4BCEF5-882D-46EC-BAE6-AC999A7F4F93}.Release|iPhone.Build.0 = Release|Any CPU
		{FC4BCEF5-882D-46EC-BAE6-AC999A7F4F93}.Release|iPhoneSimulator.ActiveCfg = Release|Any CPU
		{FC4BCEF5-882D-46EC-BAE6-AC999A7F4F93}.Release|iPhoneSimulator.Build.0 = Release|Any CPU
		{DA5D03B6-4BEF-4190-AB60-5A6FBA314400}.Debug|Any CPU.ActiveCfg = Debug|Any CPU
		{DA5D03B6-4BEF-4190-AB60-5A6FBA314400}.Debug|Any CPU.Build.0 = Debug|Any CPU
		{DA5D03B6-4BEF-4190-AB60-5A6FBA314400}.Debug|iPhone.ActiveCfg = Debug|Any CPU
		{DA5D03B6-4BEF-4190-AB60-5A6FBA314400}.Debug|iPhone.Build.0 = Debug|Any CPU
		{DA5D03B6-4BEF-4190-AB60-5A6FBA314400}.Debug|iPhoneSimulator.ActiveCfg = Debug|Any CPU
		{DA5D03B6-4BEF-4190-AB60-5A6FBA314400}.Debug|iPhoneSimulator.Build.0 = Debug|Any CPU
		{DA5D03B6-4BEF-4190-AB60-5A6FBA314400}.Release|Any CPU.ActiveCfg = Release|Any CPU
		{DA5D03B6-4BEF-4190-AB60-5A6FBA314400}.Release|Any CPU.Build.0 = Release|Any CPU
		{DA5D03B6-4BEF-4190-AB60-5A6FBA314400}.Release|iPhone.ActiveCfg = Release|Any CPU
		{DA5D03B6-4BEF-4190-AB60-5A6FBA314400}.Release|iPhone.Build.0 = Release|Any CPU
		{DA5D03B6-4BEF-4190-AB60-5A6FBA314400}.Release|iPhoneSimulator.ActiveCfg = Release|Any CPU
		{DA5D03B6-4BEF-4190-AB60-5A6FBA314400}.Release|iPhoneSimulator.Build.0 = Release|Any CPU
		{C069DB83-AEBA-4CB4-8F3D-C0EFE9C8C7CA}.Debug|Any CPU.ActiveCfg = Debug|Any CPU
		{C069DB83-AEBA-4CB4-8F3D-C0EFE9C8C7CA}.Debug|Any CPU.Build.0 = Debug|Any CPU
		{C069DB83-AEBA-4CB4-8F3D-C0EFE9C8C7CA}.Debug|iPhone.ActiveCfg = Debug|Any CPU
		{C069DB83-AEBA-4CB4-8F3D-C0EFE9C8C7CA}.Debug|iPhone.Build.0 = Debug|Any CPU
		{C069DB83-AEBA-4CB4-8F3D-C0EFE9C8C7CA}.Debug|iPhoneSimulator.ActiveCfg = Debug|Any CPU
		{C069DB83-AEBA-4CB4-8F3D-C0EFE9C8C7CA}.Debug|iPhoneSimulator.Build.0 = Debug|Any CPU
		{C069DB83-AEBA-4CB4-8F3D-C0EFE9C8C7CA}.Release|Any CPU.ActiveCfg = Release|Any CPU
		{C069DB83-AEBA-4CB4-8F3D-C0EFE9C8C7CA}.Release|Any CPU.Build.0 = Release|Any CPU
		{C069DB83-AEBA-4CB4-8F3D-C0EFE9C8C7CA}.Release|iPhone.ActiveCfg = Release|Any CPU
		{C069DB83-AEBA-4CB4-8F3D-C0EFE9C8C7CA}.Release|iPhone.Build.0 = Release|Any CPU
		{C069DB83-AEBA-4CB4-8F3D-C0EFE9C8C7CA}.Release|iPhoneSimulator.ActiveCfg = Release|Any CPU
		{C069DB83-AEBA-4CB4-8F3D-C0EFE9C8C7CA}.Release|iPhoneSimulator.Build.0 = Release|Any CPU
		{BA222763-457D-415C-B38B-3760818D3A54}.Debug|Any CPU.ActiveCfg = Debug|Any CPU
		{BA222763-457D-415C-B38B-3760818D3A54}.Debug|Any CPU.Build.0 = Debug|Any CPU
		{BA222763-457D-415C-B38B-3760818D3A54}.Debug|iPhone.ActiveCfg = Debug|Any CPU
		{BA222763-457D-415C-B38B-3760818D3A54}.Debug|iPhone.Build.0 = Debug|Any CPU
		{BA222763-457D-415C-B38B-3760818D3A54}.Debug|iPhoneSimulator.ActiveCfg = Debug|Any CPU
		{BA222763-457D-415C-B38B-3760818D3A54}.Debug|iPhoneSimulator.Build.0 = Debug|Any CPU
		{BA222763-457D-415C-B38B-3760818D3A54}.Release|Any CPU.ActiveCfg = Release|Any CPU
		{BA222763-457D-415C-B38B-3760818D3A54}.Release|Any CPU.Build.0 = Release|Any CPU
		{BA222763-457D-415C-B38B-3760818D3A54}.Release|iPhone.ActiveCfg = Release|Any CPU
		{BA222763-457D-415C-B38B-3760818D3A54}.Release|iPhone.Build.0 = Release|Any CPU
		{BA222763-457D-415C-B38B-3760818D3A54}.Release|iPhoneSimulator.ActiveCfg = Release|Any CPU
		{BA222763-457D-415C-B38B-3760818D3A54}.Release|iPhoneSimulator.Build.0 = Release|Any CPU
		{94F36C9C-3348-4A4F-A9FF-A33D7B4E848E}.Debug|Any CPU.ActiveCfg = Debug|Any CPU
		{94F36C9C-3348-4A4F-A9FF-A33D7B4E848E}.Debug|Any CPU.Build.0 = Debug|Any CPU
		{94F36C9C-3348-4A4F-A9FF-A33D7B4E848E}.Debug|Any CPU.Deploy.0 = Debug|Any CPU
		{94F36C9C-3348-4A4F-A9FF-A33D7B4E848E}.Debug|iPhone.ActiveCfg = Debug|Any CPU
		{94F36C9C-3348-4A4F-A9FF-A33D7B4E848E}.Debug|iPhone.Build.0 = Debug|Any CPU
		{94F36C9C-3348-4A4F-A9FF-A33D7B4E848E}.Debug|iPhone.Deploy.0 = Debug|Any CPU
		{94F36C9C-3348-4A4F-A9FF-A33D7B4E848E}.Debug|iPhoneSimulator.ActiveCfg = Debug|Any CPU
		{94F36C9C-3348-4A4F-A9FF-A33D7B4E848E}.Debug|iPhoneSimulator.Build.0 = Debug|Any CPU
		{94F36C9C-3348-4A4F-A9FF-A33D7B4E848E}.Debug|iPhoneSimulator.Deploy.0 = Debug|Any CPU
		{94F36C9C-3348-4A4F-A9FF-A33D7B4E848E}.Release|Any CPU.ActiveCfg = Release|Any CPU
		{94F36C9C-3348-4A4F-A9FF-A33D7B4E848E}.Release|Any CPU.Build.0 = Release|Any CPU
		{94F36C9C-3348-4A4F-A9FF-A33D7B4E848E}.Release|Any CPU.Deploy.0 = Release|Any CPU
		{94F36C9C-3348-4A4F-A9FF-A33D7B4E848E}.Release|iPhone.ActiveCfg = Release|Any CPU
		{94F36C9C-3348-4A4F-A9FF-A33D7B4E848E}.Release|iPhone.Build.0 = Release|Any CPU
		{94F36C9C-3348-4A4F-A9FF-A33D7B4E848E}.Release|iPhone.Deploy.0 = Release|Any CPU
		{94F36C9C-3348-4A4F-A9FF-A33D7B4E848E}.Release|iPhoneSimulator.ActiveCfg = Release|Any CPU
		{94F36C9C-3348-4A4F-A9FF-A33D7B4E848E}.Release|iPhoneSimulator.Build.0 = Release|Any CPU
		{94F36C9C-3348-4A4F-A9FF-A33D7B4E848E}.Release|iPhoneSimulator.Deploy.0 = Release|Any CPU
		{ACA152C9-5DD1-4687-B558-44C600EAE085}.Debug|Any CPU.ActiveCfg = Debug|iPhoneSimulator
		{ACA152C9-5DD1-4687-B558-44C600EAE085}.Debug|iPhone.ActiveCfg = Debug|iPhone
		{ACA152C9-5DD1-4687-B558-44C600EAE085}.Debug|iPhone.Build.0 = Debug|iPhone
		{ACA152C9-5DD1-4687-B558-44C600EAE085}.Debug|iPhoneSimulator.ActiveCfg = Debug|iPhoneSimulator
		{ACA152C9-5DD1-4687-B558-44C600EAE085}.Debug|iPhoneSimulator.Build.0 = Debug|iPhoneSimulator
		{ACA152C9-5DD1-4687-B558-44C600EAE085}.Release|Any CPU.ActiveCfg = Release|iPhoneSimulator
		{ACA152C9-5DD1-4687-B558-44C600EAE085}.Release|iPhone.ActiveCfg = Release|iPhone
		{ACA152C9-5DD1-4687-B558-44C600EAE085}.Release|iPhone.Build.0 = Release|iPhone
		{ACA152C9-5DD1-4687-B558-44C600EAE085}.Release|iPhoneSimulator.ActiveCfg = Release|iPhoneSimulator
		{ACA152C9-5DD1-4687-B558-44C600EAE085}.Release|iPhoneSimulator.Build.0 = Release|iPhoneSimulator
		{D32F87BA-569B-4656-958A-D2279A6E087E}.Debug|Any CPU.ActiveCfg = Debug|Any CPU
		{D32F87BA-569B-4656-958A-D2279A6E087E}.Debug|Any CPU.Build.0 = Debug|Any CPU
		{D32F87BA-569B-4656-958A-D2279A6E087E}.Debug|iPhone.ActiveCfg = Debug|Any CPU
		{D32F87BA-569B-4656-958A-D2279A6E087E}.Debug|iPhone.Build.0 = Debug|Any CPU
		{D32F87BA-569B-4656-958A-D2279A6E087E}.Debug|iPhoneSimulator.ActiveCfg = Debug|Any CPU
		{D32F87BA-569B-4656-958A-D2279A6E087E}.Debug|iPhoneSimulator.Build.0 = Debug|Any CPU
		{D32F87BA-569B-4656-958A-D2279A6E087E}.Release|Any CPU.ActiveCfg = Release|Any CPU
		{D32F87BA-569B-4656-958A-D2279A6E087E}.Release|Any CPU.Build.0 = Release|Any CPU
		{D32F87BA-569B-4656-958A-D2279A6E087E}.Release|iPhone.ActiveCfg = Release|Any CPU
		{D32F87BA-569B-4656-958A-D2279A6E087E}.Release|iPhone.Build.0 = Release|Any CPU
		{D32F87BA-569B-4656-958A-D2279A6E087E}.Release|iPhoneSimulator.ActiveCfg = Release|Any CPU
		{D32F87BA-569B-4656-958A-D2279A6E087E}.Release|iPhoneSimulator.Build.0 = Release|Any CPU
	EndGlobalSection
	GlobalSection(SolutionProperties) = preSolution
		HideSolutionNode = FALSE
	EndGlobalSection
	GlobalSection(ExtensibilityGlobals) = postSolution
		SolutionGuid = {D4443AF0-9312-4A73-BE40-51B140507469}
	EndGlobalSection
EndGlobal
